<Solution>
  <Project Path="MimironsGoldOMatic.Backend/MimironsGoldOMatic.Backend.csproj" />
  <Project Path="MimironsGoldOMatic.Backend.Tests/MimironsGoldOMatic.Backend.Tests.csproj" />
  <Project Path="MimironsGoldOMatic.Desktop/MimironsGoldOMatic.Desktop.csproj" />
  <Project Path="MimironsGoldOMatic.Shared/MimironsGoldOMatic.Shared.csproj" />
</Solution>
