
Microsoft Visual Studio Solution File, Format Version 12.00
# Visual Studio Version 17
VisualStudioVersion = 17.0.31903.59
MinimumVisualStudioVersion = 10.0.40219.1
Project("{FAE04EC0-301F-11D3-BF4B-00C04F79EFBC}") = "MimironsGoldOMatic.Shared", "MimironsGoldOMatic.Shared\MimironsGoldOMatic.Shared.csproj", "{95B23554-6E51-4CB9-82CA-215791DF4034}"
EndProject
Project("{FAE04EC0-301F-11D3-BF4B-00C04F79EFBC}") = "MimironsGoldOMatic.Desktop", "MimironsGoldOMatic.Desktop\MimironsGoldOMatic.Desktop.csproj", "{1FDE405C-F07A-463B-B014-4EF8F6CB1BB9}"
EndProject
Project("{2150E333-8FDC-42A3-9474-1A3956D46DE8}") = "Backend", "Backend", "{C2E3F4A5-B6C7-4D8E-9F0A-1B2C3D4E5F6A}"
EndProject
Project("{2150E333-8FDC-42A3-9474-1A3956D46DE8}") = "Mocks", "Mocks", "{538F2A43-6114-6D32-FD9B-C27BFA77DD39}"
EndProject
Project("{FAE04EC0-301F-11D3-BF4B-00C04F79EFBC}") = "MimironsGoldOMatic.Mocks.WoWMock", "Mocks\WoWMock\MimironsGoldOMatic.Mocks.WoWMock.csproj", "{63186ED0-D050-41F4-901F-96542DABC036}"
EndProject
Project("{FAE04EC0-301F-11D3-BF4B-00C04F79EFBC}") = "MimironsGoldOMatic.Mocks.MockEventSubWebhook", "Mocks\MockEventSubWebhook\MimironsGoldOMatic.Mocks.MockEventSubWebhook.csproj", "{7A2386B2-DF76-403E-BE2C-F30E9A6BA169}"
EndProject
Project("{FAE04EC0-301F-11D3-BF4B-00C04F79EFBC}") = "MimironsGoldOMatic.Mocks.MockExtensionJwt", "Mocks\MockExtensionJwt\MimironsGoldOMatic.Mocks.MockExtensionJwt.csproj", "{D159FD5D-2993-49E9-B5CD-6CFD12BFD7BB}"
EndProject
Project("{2150E333-8FDC-42A3-9474-1A3956D46DE8}") = "Tests", "Tests", "{0AB3BF05-4346-4AA6-1389-037BE0695223}"
EndProject
Project("{FAE04EC0-301F-11D3-BF4B-00C04F79EFBC}") = "MimironsGoldOMatic.IntegrationTesting", "Tests\MimironsGoldOMatic.IntegrationTesting\MimironsGoldOMatic.IntegrationTesting.csproj", "{8C7E2E76-9ECD-4B5A-BD55-40B0A4CAC389}"
EndProject
Project("{FAE04EC0-301F-11D3-BF4B-00C04F79EFBC}") = "MimironsGoldOMatic.Backend.UnitTests", "Tests\MimironsGoldOMatic.Backend.UnitTests\MimironsGoldOMatic.Backend.UnitTests.csproj", "{983D718F-5AE1-49AA-A8AE-ECE6D334056E}"
EndProject
Project("{FAE04EC0-301F-11D3-BF4B-00C04F79EFBC}") = "MimironsGoldOMatic.Backend.IntegrationTests", "Tests\MimironsGoldOMatic.Backend.IntegrationTests\MimironsGoldOMatic.Backend.IntegrationTests.csproj", "{E2F3A4B5-C6D7-4E8F-9012-AABBCCDDEEFF}"
EndProject
Project("{FAE04EC0-301F-11D3-BF4B-00C04F79EFBC}") = "MimironsGoldOMatic.Desktop.UnitTests", "Tests\MimironsGoldOMatic.Desktop.UnitTests\MimironsGoldOMatic.Desktop.UnitTests.csproj", "{E2E8763A-5CFE-4D3B-9E87-72C13095F698}"
EndProject
Project("{FAE04EC0-301F-11D3-BF4B-00C04F79EFBC}") = "MimironsGoldOMatic.Desktop.IntegrationTests", "Tests\MimironsGoldOMatic.Desktop.IntegrationTests\MimironsGoldOMatic.Desktop.IntegrationTests.csproj", "{388F35E7-CDD5-4DD3-BCBE-40315564CA76}"
EndProject
Project("{FAE04EC0-301F-11D3-BF4B-00C04F79EFBC}") = "MimironsGoldOMatic.Mocks.MockHelixApi", "Mocks\MockHelixApi\MimironsGoldOMatic.Mocks.MockHelixApi.csproj", "{39211DA9-64ED-4810-BD58-A8EC5906CBA2}"
EndProject
Project("{FAE04EC0-301F-11D3-BF4B-00C04F79EFBC}") = "MimironsGoldOMatic.Mocks.SyntheticDesktop", "Mocks\SyntheticDesktop\MimironsGoldOMatic.Mocks.SyntheticDesktop.csproj", "{15FF00D1-71C5-4502-B11A-7A2D19476967}"
EndProject
Project("{2150E333-8FDC-42A3-9474-1A3956D46DE8}") = "Tools", "Tools", "{31A9FF15-008C-4486-AB04-F6A3AB36DB7B}"
EndProject
Project("{FAE04EC0-301F-11D3-BF4B-00C04F79EFBC}") = "MimironsGoldOMatic.ApiTsGen", "Tools\MimironsGoldOMatic.ApiTsGen\MimironsGoldOMatic.ApiTsGen.csproj", "{481D72FC-0167-4485-A403-FCA64776C486}"
EndProject
Project("{FAE04EC0-301F-11D3-BF4B-00C04F79EFBC}") = "MimironsGoldOMatic.Backend.Api", "Backend\MimironsGoldOMatic.Backend.Api\MimironsGoldOMatic.Backend.Api.csproj", "{C0454C33-E3B5-4449-8A3F-37A0A35A518A}"
EndProject
Project("{FAE04EC0-301F-11D3-BF4B-00C04F79EFBC}") = "MimironsGoldOMatic.Backend.Abstract", "Backend\MimironsGoldOMatic.Backend.Abstract\MimironsGoldOMatic.Backend.Abstract.csproj", "{86014A29-B32E-45E3-8FC3-AE281F551086}"
EndProject
Project("{FAE04EC0-301F-11D3-BF4B-00C04F79EFBC}") = "MimironsGoldOMatic.Backend.Shared", "Backend\MimironsGoldOMatic.Backend.Shared\MimironsGoldOMatic.Backend.Shared.csproj", "{1E9DE24D-4F9A-4391-A6E5-25453CF15BC5}"
EndProject
Project("{FAE04EC0-301F-11D3-BF4B-00C04F79EFBC}") = "MimironsGoldOMatic.Backend.Domain", "Backend\MimironsGoldOMatic.Backend.Domain\MimironsGoldOMatic.Backend.Domain.csproj", "{B96639F8-CB4A-48A4-AE44-B103DDAA0EA4}"
EndProject
Project("{FAE04EC0-301F-11D3-BF4B-00C04F79EFBC}") = "MimironsGoldOMatic.Backend.DataAccess", "Backend\MimironsGoldOMatic.Backend.DataAccess\MimironsGoldOMatic.Backend.DataAccess.csproj", "{CC4BE564-696D-414A-BB23-B63A327C1BBF}"
EndProject
Project("{FAE04EC0-301F-11D3-BF4B-00C04F79EFBC}") = "MimironsGoldOMatic.Backend.Services", "Backend\MimironsGoldOMatic.Backend.Services\MimironsGoldOMatic.Backend.Services.csproj", "{120AED12-1FD9-4450-8C17-06F5CDFD6E0C}"
EndProject
Project("{FAE04EC0-301F-11D3-BF4B-00C04F79EFBC}") = "MimironsGoldOMatic.Backend.Infrastructure", "Backend\MimironsGoldOMatic.Backend.Infrastructure\MimironsGoldOMatic.Backend.Infrastructure.csproj", "{FE80F2CE-86C6-4F10-8835-509BF91F089B}"
EndProject
Global
	GlobalSection(SolutionConfigurationPlatforms) = preSolution
		Debug|Any CPU = Debug|Any CPU
		Debug|x64 = Debug|x64
		Debug|x86 = Debug|x86
		Release|Any CPU = Release|Any CPU
		Release|x64 = Release|x64
		Release|x86 = Release|x86
	EndGlobalSection
	GlobalSection(ProjectConfigurationPlatforms) = postSolution
		{95B23554-6E51-4CB9-82CA-215791DF4034}.Debug|Any CPU.ActiveCfg = Debug|Any CPU
		{95B23554-6E51-4CB9-82CA-215791DF4034}.Debug|Any CPU.Build.0 = Debug|Any CPU
		{95B23554-6E51-4CB9-82CA-215791DF4034}.Debug|x64.ActiveCfg = Debug|Any CPU
		{95B23554-6E51-4CB9-82CA-215791DF4034}.Debug|x64.Build.0 = Debug|Any CPU
		{95B23554-6E51-4CB9-82CA-215791DF4034}.Debug|x86.ActiveCfg = Debug|Any CPU
		{95B23554-6E51-4CB9-82CA-215791DF4034}.Debug|x86.Build.0 = Debug|Any CPU
		{95B23554-6E51-4CB9-82CA-215791DF4034}.Release|Any CPU.ActiveCfg = Release|Any CPU
		{95B23554-6E51-4CB9-82CA-215791DF4034}.Release|Any CPU.Build.0 = Release|Any CPU
		{95B23554-6E51-4CB9-82CA-215791DF4034}.Release|x64.ActiveCfg = Release|Any CPU
		{95B23554-6E51-4CB9-82CA-215791DF4034}.Release|x64.Build.0 = Release|Any CPU
		{95B23554-6E51-4CB9-82CA-215791DF4034}.Release|x86.ActiveCfg = Release|Any CPU
		{95B23554-6E51-4CB9-82CA-215791DF4034}.Release|x86.Build.0 = Release|Any CPU
		{1FDE405C-F07A-463B-B014-4EF8F6CB1BB9}.Debug|Any CPU.ActiveCfg = Debug|Any CPU
		{1FDE405C-F07A-463B-B014-4EF8F6CB1BB9}.Debug|Any CPU.Build.0 = Debug|Any CPU
		{1FDE405C-F07A-463B-B014-4EF8F6CB1BB9}.Debug|x64.ActiveCfg = Debug|Any CPU
		{1FDE405C-F07A-463B-B014-4EF8F6CB1BB9}.Debug|x64.Build.0 = Debug|Any CPU
		{1FDE405C-F07A-463B-B014-4EF8F6CB1BB9}.Debug|x86.ActiveCfg = Debug|Any CPU
		{1FDE405C-F07A-463B-B014-4EF8F6CB1BB9}.Debug|x86.Build.0 = Debug|Any CPU
		{1FDE405C-F07A-463B-B014-4EF8F6CB1BB9}.Release|Any CPU.ActiveCfg = Release|Any CPU
		{1FDE405C-F07A-463B-B014-4EF8F6CB1BB9}.Release|Any CPU.Build.0 = Release|Any CPU
		{1FDE405C-F07A-463B-B014-4EF8F6CB1BB9}.Release|x64.ActiveCfg = Release|Any CPU
		{1FDE405C-F07A-463B-B014-4EF8F6CB1BB9}.Release|x64.Build.0 = Release|Any CPU
		{1FDE405C-F07A-463B-B014-4EF8F6CB1BB9}.Release|x86.ActiveCfg = Release|Any CPU
		{1FDE405C-F07A-463B-B014-4EF8F6CB1BB9}.Release|x86.Build.0 = Release|Any CPU
		{63186ED0-D050-41F4-901F-96542DABC036}.Debug|Any CPU.ActiveCfg = Debug|Any CPU
		{63186ED0-D050-41F4-901F-96542DABC036}.Debug|Any CPU.Build.0 = Debug|Any CPU
		{63186ED0-D050-41F4-901F-96542DABC036}.Debug|x64.ActiveCfg = Debug|Any CPU
		{63186ED0-D050-41F4-901F-96542DABC036}.Debug|x64.Build.0 = Debug|Any CPU
		{63186ED0-D050-41F4-901F-96542DABC036}.Debug|x86.ActiveCfg = Debug|Any CPU
		{63186ED0-D050-41F4-901F-96542DABC036}.Debug|x86.Build.0 = Debug|Any CPU
		{63186ED0-D050-41F4-901F-96542DABC036}.Release|Any CPU.ActiveCfg = Release|Any CPU
		{63186ED0-D050-41F4-901F-96542DABC036}.Release|Any CPU.Build.0 = Release|Any CPU
		{63186ED0-D050-41F4-901F-96542DABC036}.Release|x64.ActiveCfg = Release|Any CPU
		{63186ED0-D050-41F4-901F-96542DABC036}.Release|x64.Build.0 = Release|Any CPU
		{63186ED0-D050-41F4-901F-96542DABC036}.Release|x86.ActiveCfg = Release|Any CPU
		{63186ED0-D050-41F4-901F-96542DABC036}.Release|x86.Build.0 = Release|Any CPU
		{7A2386B2-DF76-403E-BE2C-F30E9A6BA169}.Debug|Any CPU.ActiveCfg = Debug|Any CPU
		{7A2386B2-DF76-403E-BE2C-F30E9A6BA169}.Debug|Any CPU.Build.0 = Debug|Any CPU
		{7A2386B2-DF76-403E-BE2C-F30E9A6BA169}.Debug|x64.ActiveCfg = Debug|Any CPU
		{7A2386B2-DF76-403E-BE2C-F30E9A6BA169}.Debug|x64.Build.0 = Debug|Any CPU
		{7A2386B2-DF76-403E-BE2C-F30E9A6BA169}.Debug|x86.ActiveCfg = Debug|Any CPU
		{7A2386B2-DF76-403E-BE2C-F30E9A6BA169}.Debug|x86.Build.0 = Debug|Any CPU
		{7A2386B2-DF76-403E-BE2C-F30E9A6BA169}.Release|Any CPU.ActiveCfg = Release|Any CPU
		{7A2386B2-DF76-403E-BE2C-F30E9A6BA169}.Release|Any CPU.Build.0 = Release|Any CPU
		{7A2386B2-DF76-403E-BE2C-F30E9A6BA169}.Release|x64.ActiveCfg = Release|Any CPU
		{7A2386B2-DF76-403E-BE2C-F30E9A6BA169}.Release|x64.Build.0 = Release|Any CPU
		{7A2386B2-DF76-403E-BE2C-F30E9A6BA169}.Release|x86.ActiveCfg = Release|Any CPU
		{7A2386B2-DF76-403E-BE2C-F30E9A6BA169}.Release|x86.Build.0 = Release|Any CPU
		{D159FD5D-2993-49E9-B5CD-6CFD12BFD7BB}.Debug|Any CPU.ActiveCfg = Debug|Any CPU
		{D159FD5D-2993-49E9-B5CD-6CFD12BFD7BB}.Debug|Any CPU.Build.0 = Debug|Any CPU
		{D159FD5D-2993-49E9-B5CD-6CFD12BFD7BB}.Debug|x64.ActiveCfg = Debug|Any CPU
		{D159FD5D-2993-49E9-B5CD-6CFD12BFD7BB}.Debug|x64.Build.0 = Debug|Any CPU
		{D159FD5D-2993-49E9-B5CD-6CFD12BFD7BB}.Debug|x86.ActiveCfg = Debug|Any CPU
		{D159FD5D-2993-49E9-B5CD-6CFD12BFD7BB}.Debug|x86.Build.0 = Debug|Any CPU
		{D159FD5D-2993-49E9-B5CD-6CFD12BFD7BB}.Release|Any CPU.ActiveCfg = Release|Any CPU
		{D159FD5D-2993-49E9-B5CD-6CFD12BFD7BB}.Release|Any CPU.Build.0 = Release|Any CPU
		{D159FD5D-2993-49E9-B5CD-6CFD12BFD7BB}.Release|x64.ActiveCfg = Release|Any CPU
		{D159FD5D-2993-49E9-B5CD-6CFD12BFD7BB}.Release|x64.Build.0 = Release|Any CPU
		{D159FD5D-2993-49E9-B5CD-6CFD12BFD7BB}.Release|x86.ActiveCfg = Release|Any CPU
		{D159FD5D-2993-49E9-B5CD-6CFD12BFD7BB}.Release|x86.Build.0 = Release|Any CPU
		{8C7E2E76-9ECD-4B5A-BD55-40B0A4CAC389}.Debug|Any CPU.ActiveCfg = Debug|Any CPU
		{8C7E2E76-9ECD-4B5A-BD55-40B0A4CAC389}.Debug|Any CPU.Build.0 = Debug|Any CPU
		{8C7E2E76-9ECD-4B5A-BD55-40B0A4CAC389}.Debug|x64.ActiveCfg = Debug|Any CPU
		{8C7E2E76-9ECD-4B5A-BD55-40B0A4CAC389}.Debug|x64.Build.0 = Debug|Any CPU
		{8C7E2E76-9ECD-4B5A-BD55-40B0A4CAC389}.Debug|x86.ActiveCfg = Debug|Any CPU
		{8C7E2E76-9ECD-4B5A-BD55-40B0A4CAC389}.Debug|x86.Build.0 = Debug|Any CPU
		{8C7E2E76-9ECD-4B5A-BD55-40B0A4CAC389}.Release|Any CPU.ActiveCfg = Release|Any CPU
		{8C7E2E76-9ECD-4B5A-BD55-40B0A4CAC389}.Release|Any CPU.Build.0 = Release|Any CPU
		{8C7E2E76-9ECD-4B5A-BD55-40B0A4CAC389}.Release|x64.ActiveCfg = Release|Any CPU
		{8C7E2E76-9ECD-4B5A-BD55-40B0A4CAC389}.Release|x64.Build.0 = Release|Any CPU
		{8C7E2E76-9ECD-4B5A-BD55-40B0A4CAC389}.Release|x86.ActiveCfg = Release|Any CPU
		{8C7E2E76-9ECD-4B5A-BD55-40B0A4CAC389}.Release|x86.Build.0 = Release|Any CPU
		{983D718F-5AE1-49AA-A8AE-ECE6D334056E}.Debug|Any CPU.ActiveCfg = Debug|Any CPU
		{983D718F-5AE1-49AA-A8AE-ECE6D334056E}.Debug|Any CPU.Build.0 = Debug|Any CPU
		{983D718F-5AE1-49AA-A8AE-ECE6D334056E}.Debug|x64.ActiveCfg = Debug|Any CPU
		{983D718F-5AE1-49AA-A8AE-ECE6D334056E}.Debug|x64.Build.0 = Debug|Any CPU
		{983D718F-5AE1-49AA-A8AE-ECE6D334056E}.Debug|x86.ActiveCfg = Debug|Any CPU
		{983D718F-5AE1-49AA-A8AE-ECE6D334056E}.Debug|x86.Build.0 = Debug|Any CPU
		{983D718F-5AE1-49AA-A8AE-ECE6D334056E}.Release|Any CPU.ActiveCfg = Release|Any CPU
		{983D718F-5AE1-49AA-A8AE-ECE6D334056E}.Release|Any CPU.Build.0 = Release|Any CPU
		{983D718F-5AE1-49AA-A8AE-ECE6D334056E}.Release|x64.ActiveCfg = Release|Any CPU
		{983D718F-5AE1-49AA-A8AE-ECE6D334056E}.Release|x64.Build.0 = Release|Any CPU
		{983D718F-5AE1-49AA-A8AE-ECE6D334056E}.Release|x86.ActiveCfg = Release|Any CPU
		{983D718F-5AE1-49AA-A8AE-ECE6D334056E}.Release|x86.Build.0 = Release|Any CPU
		{E2F3A4B5-C6D7-4E8F-9012-AABBCCDDEEFF}.Debug|Any CPU.ActiveCfg = Debug|Any CPU
		{E2F3A4B5-C6D7-4E8F-9012-AABBCCDDEEFF}.Debug|Any CPU.Build.0 = Debug|Any CPU
		{E2F3A4B5-C6D7-4E8F-9012-AABBCCDDEEFF}.Debug|x64.ActiveCfg = Debug|Any CPU
		{E2F3A4B5-C6D7-4E8F-9012-AABBCCDDEEFF}.Debug|x64.Build.0 = Debug|Any CPU
		{E2F3A4B5-C6D7-4E8F-9012-AABBCCDDEEFF}.Debug|x86.ActiveCfg = Debug|Any CPU
		{E2F3A4B5-C6D7-4E8F-9012-AABBCCDDEEFF}.Debug|x86.Build.0 = Debug|Any CPU
		{E2F3A4B5-C6D7-4E8F-9012-AABBCCDDEEFF}.Release|Any CPU.ActiveCfg = Release|Any CPU
		{E2F3A4B5-C6D7-4E8F-9012-AABBCCDDEEFF}.Release|Any CPU.Build.0 = Release|Any CPU
		{E2F3A4B5-C6D7-4E8F-9012-AABBCCDDEEFF}.Release|x64.ActiveCfg = Release|Any CPU
		{E2F3A4B5-C6D7-4E8F-9012-AABBCCDDEEFF}.Release|x64.Build.0 = Release|Any CPU
		{E2F3A4B5-C6D7-4E8F-9012-AABBCCDDEEFF}.Release|x86.ActiveCfg = Release|Any CPU
		{E2F3A4B5-C6D7-4E8F-9012-AABBCCDDEEFF}.Release|x86.Build.0 = Release|Any CPU
		{E2E8763A-5CFE-4D3B-9E87-72C13095F698}.Debug|Any CPU.ActiveCfg = Debug|Any CPU
		{E2E8763A-5CFE-4D3B-9E87-72C13095F698}.Debug|Any CPU.Build.0 = Debug|Any CPU
		{E2E8763A-5CFE-4D3B-9E87-72C13095F698}.Debug|x64.ActiveCfg = Debug|Any CPU
		{E2E8763A-5CFE-4D3B-9E87-72C13095F698}.Debug|x64.Build.0 = Debug|Any CPU
		{E2E8763A-5CFE-4D3B-9E87-72C13095F698}.Debug|x86.ActiveCfg = Debug|Any CPU
		{E2E8763A-5CFE-4D3B-9E87-72C13095F698}.Debug|x86.Build.0 = Debug|Any CPU
		{E2E8763A-5CFE-4D3B-9E87-72C13095F698}.Release|Any CPU.ActiveCfg = Release|Any CPU
		{E2E8763A-5CFE-4D3B-9E87-72C13095F698}.Release|Any CPU.Build.0 = Release|Any CPU
		{E2E8763A-5CFE-4D3B-9E87-72C13095F698}.Release|x64.ActiveCfg = Release|Any CPU
		{E2E8763A-5CFE-4D3B-9E87-72C13095F698}.Release|x64.Build.0 = Release|Any CPU
		{E2E8763A-5CFE-4D3B-9E87-72C13095F698}.Release|x86.ActiveCfg = Release|Any CPU
		{E2E8763A-5CFE-4D3B-9E87-72C13095F698}.Release|x86.Build.0 = Release|Any CPU
		{388F35E7-CDD5-4DD3-BCBE-40315564CA76}.Debug|Any CPU.ActiveCfg = Debug|Any CPU
		{388F35E7-CDD5-4DD3-BCBE-40315564CA76}.Debug|Any CPU.Build.0 = Debug|Any CPU
		{388F35E7-CDD5-4DD3-BCBE-40315564CA76}.Debug|x64.ActiveCfg = Debug|Any CPU
		{388F35E7-CDD5-4DD3-BCBE-40315564CA76}.Debug|x64.Build.0 = Debug|Any CPU
		{388F35E7-CDD5-4DD3-BCBE-40315564CA76}.Debug|x86.ActiveCfg = Debug|Any CPU
		{388F35E7-CDD5-4DD3-BCBE-40315564CA76}.Debug|x86.Build.0 = Debug|Any CPU
		{388F35E7-CDD5-4DD3-BCBE-40315564CA76}.Release|Any CPU.ActiveCfg = Release|Any CPU
		{388F35E7-CDD5-4DD3-BCBE-40315564CA76}.Release|Any CPU.Build.0 = Release|Any CPU
		{388F35E7-CDD5-4DD3-BCBE-40315564CA76}.Release|x64.ActiveCfg = Release|Any CPU
		{388F35E7-CDD5-4DD3-BCBE-40315564CA76}.Release|x64.Build.0 = Release|Any CPU
		{388F35E7-CDD5-4DD3-BCBE-40315564CA76}.Release|x86.ActiveCfg = Release|Any CPU
		{388F35E7-CDD5-4DD3-BCBE-40315564CA76}.Release|x86.Build.0 = Release|Any CPU
		{39211DA9-64ED-4810-BD58-A8EC5906CBA2}.Debug|Any CPU.ActiveCfg = Debug|Any CPU
		{39211DA9-64ED-4810-BD58-A8EC5906CBA2}.Debug|Any CPU.Build.0 = Debug|Any CPU
		{39211DA9-64ED-4810-BD58-A8EC5906CBA2}.Debug|x64.ActiveCfg = Debug|Any CPU
		{39211DA9-64ED-4810-BD58-A8EC5906CBA2}.Debug|x64.Build.0 = Debug|Any CPU
		{39211DA9-64ED-4810-BD58-A8EC5906CBA2}.Debug|x86.ActiveCfg = Debug|Any CPU
		{39211DA9-64ED-4810-BD58-A8EC5906CBA2}.Debug|x86.Build.0 = Debug|Any CPU
		{39211DA9-64ED-4810-BD58-A8EC5906CBA2}.Release|Any CPU.ActiveCfg = Release|Any CPU
		{39211DA9-64ED-4810-BD58-A8EC5906CBA2}.Release|Any CPU.Build.0 = Release|Any CPU
		{39211DA9-64ED-4810-BD58-A8EC5906CBA2}.Release|x64.ActiveCfg = Release|Any CPU
		{39211DA9-64ED-4810-BD58-A8EC5906CBA2}.Release|x64.Build.0 = Release|Any CPU
		{39211DA9-64ED-4810-BD58-A8EC5906CBA2}.Release|x86.ActiveCfg = Release|Any CPU
		{39211DA9-64ED-4810-BD58-A8EC5906CBA2}.Release|x86.Build.0 = Release|Any CPU
		{15FF00D1-71C5-4502-B11A-7A2D19476967}.Debug|Any CPU.ActiveCfg = Debug|Any CPU
		{15FF00D1-71C5-4502-B11A-7A2D19476967}.Debug|Any CPU.Build.0 = Debug|Any CPU
		{15FF00D1-71C5-4502-B11A-7A2D19476967}.Debug|x64.ActiveCfg = Debug|Any CPU
		{15FF00D1-71C5-4502-B11A-7A2D19476967}.Debug|x64.Build.0 = Debug|Any CPU
		{15FF00D1-71C5-4502-B11A-7A2D19476967}.Debug|x86.ActiveCfg = Debug|Any CPU
		{15FF00D1-71C5-4502-B11A-7A2D19476967}.Debug|x86.Build.0 = Debug|Any CPU
		{15FF00D1-71C5-4502-B11A-7A2D19476967}.Release|Any CPU.ActiveCfg = Release|Any CPU
		{15FF00D1-71C5-4502-B11A-7A2D19476967}.Release|Any CPU.Build.0 = Release|Any CPU
		{15FF00D1-71C5-4502-B11A-7A2D19476967}.Release|x64.ActiveCfg = Release|Any CPU
		{15FF00D1-71C5-4502-B11A-7A2D19476967}.Release|x64.Build.0 = Release|Any CPU
		{15FF00D1-71C5-4502-B11A-7A2D19476967}.Release|x86.ActiveCfg = Release|Any CPU
		{15FF00D1-71C5-4502-B11A-7A2D19476967}.Release|x86.Build.0 = Release|Any CPU
		{481D72FC-0167-4485-A403-FCA64776C486}.Debug|Any CPU.ActiveCfg = Debug|Any CPU
		{481D72FC-0167-4485-A403-FCA64776C486}.Debug|Any CPU.Build.0 = Debug|Any CPU
		{481D72FC-0167-4485-A403-FCA64776C486}.Debug|x64.ActiveCfg = Debug|Any CPU
		{481D72FC-0167-4485-A403-FCA64776C486}.Debug|x64.Build.0 = Debug|Any CPU
		{481D72FC-0167-4485-A403-FCA64776C486}.Debug|x86.ActiveCfg = Debug|Any CPU
		{481D72FC-0167-4485-A403-FCA64776C486}.Debug|x86.Build.0 = Debug|Any CPU
		{481D72FC-0167-4485-A403-FCA64776C486}.Release|Any CPU.ActiveCfg = Release|Any CPU
		{481D72FC-0167-4485-A403-FCA64776C486}.Release|Any CPU.Build.0 = Release|Any CPU
		{481D72FC-0167-4485-A403-FCA64776C486}.Release|x64.ActiveCfg = Release|Any CPU
		{481D72FC-0167-4485-A403-FCA64776C486}.Release|x64.Build.0 = Release|Any CPU
		{481D72FC-0167-4485-A403-FCA64776C486}.Release|x86.ActiveCfg = Release|Any CPU
		{481D72FC-0167-4485-A403-FCA64776C486}.Release|x86.Build.0 = Release|Any CPU
		{C0454C33-E3B5-4449-8A3F-37A0A35A518A}.Debug|Any CPU.ActiveCfg = Debug|Any CPU
		{C0454C33-E3B5-4449-8A3F-37A0A35A518A}.Debug|Any CPU.Build.0 = Debug|Any CPU
		{C0454C33-E3B5-4449-8A3F-37A0A35A518A}.Debug|x64.ActiveCfg = Debug|Any CPU
		{C0454C33-E3B5-4449-8A3F-37A0A35A518A}.Debug|x64.Build.0 = Debug|Any CPU
		{C0454C33-E3B5-4449-8A3F-37A0A35A518A}.Debug|x86.ActiveCfg = Debug|Any CPU
		{C0454C33-E3B5-4449-8A3F-37A0A35A518A}.Debug|x86.Build.0 = Debug|Any CPU
		{C0454C33-E3B5-4449-8A3F-37A0A35A518A}.Release|Any CPU.ActiveCfg = Release|Any CPU
		{C0454C33-E3B5-4449-8A3F-37A0A35A518A}.Release|Any CPU.Build.0 = Release|Any CPU
		{C0454C33-E3B5-4449-8A3F-37A0A35A518A}.Release|x64.ActiveCfg = Release|Any CPU
		{C0454C33-E3B5-4449-8A3F-37A0A35A518A}.Release|x64.Build.0 = Release|Any CPU
		{C0454C33-E3B5-4449-8A3F-37A0A35A518A}.Release|x86.ActiveCfg = Release|Any CPU
		{C0454C33-E3B5-4449-8A3F-37A0A35A518A}.Release|x86.Build.0 = Release|Any CPU
		{86014A29-B32E-45E3-8FC3-AE281F551086}.Debug|Any CPU.ActiveCfg = Debug|Any CPU
		{86014A29-B32E-45E3-8FC3-AE281F551086}.Debug|Any CPU.Build.0 = Debug|Any CPU
		{86014A29-B32E-45E3-8FC3-AE281F551086}.Debug|x64.ActiveCfg = Debug|Any CPU
		{86014A29-B32E-45E3-8FC3-AE281F551086}.Debug|x64.Build.0 = Debug|Any CPU
		{86014A29-B32E-45E3-8FC3-AE281F551086}.Debug|x86.ActiveCfg = Debug|Any CPU
		{86014A29-B32E-45E3-8FC3-AE281F551086}.Debug|x86.Build.0 = Debug|Any CPU
		{86014A29-B32E-45E3-8FC3-AE281F551086}.Release|Any CPU.ActiveCfg = Release|Any CPU
		{86014A29-B32E-45E3-8FC3-AE281F551086}.Release|Any CPU.Build.0 = Release|Any CPU
		{86014A29-B32E-45E3-8FC3-AE281F551086}.Release|x64.ActiveCfg = Release|Any CPU
		{86014A29-B32E-45E3-8FC3-AE281F551086}.Release|x64.Build.0 = Release|Any CPU
		{86014A29-B32E-45E3-8FC3-AE281F551086}.Release|x86.ActiveCfg = Release|Any CPU
		{86014A29-B32E-45E3-8FC3-AE281F551086}.Release|x86.Build.0 = Release|Any CPU
		{1E9DE24D-4F9A-4391-A6E5-25453CF15BC5}.Debug|Any CPU.ActiveCfg = Debug|Any CPU
		{1E9DE24D-4F9A-4391-A6E5-25453CF15BC5}.Debug|Any CPU.Build.0 = Debug|Any CPU
		{1E9DE24D-4F9A-4391-A6E5-25453CF15BC5}.Debug|x64.ActiveCfg = Debug|Any CPU
		{1E9DE24D-4F9A-4391-A6E5-25453CF15BC5}.Debug|x64.Build.0 = Debug|Any CPU
		{1E9DE24D-4F9A-4391-A6E5-25453CF15BC5}.Debug|x86.ActiveCfg = Debug|Any CPU
		{1E9DE24D-4F9A-4391-A6E5-25453CF15BC5}.Debug|x86.Build.0 = Debug|Any CPU
		{1E9DE24D-4F9A-4391-A6E5-25453CF15BC5}.Release|Any CPU.ActiveCfg = Release|Any CPU
		{1E9DE24D-4F9A-4391-A6E5-25453CF15BC5}.Release|Any CPU.Build.0 = Release|Any CPU
		{1E9DE24D-4F9A-4391-A6E5-25453CF15BC5}.Release|x64.ActiveCfg = Release|Any CPU
		{1E9DE24D-4F9A-4391-A6E5-25453CF15BC5}.Release|x64.Build.0 = Release|Any CPU
		{1E9DE24D-4F9A-4391-A6E5-25453CF15BC5}.Release|x86.ActiveCfg = Release|Any CPU
		{1E9DE24D-4F9A-4391-A6E5-25453CF15BC5}.Release|x86.Build.0 = Release|Any CPU
		{B96639F8-CB4A-48A4-AE44-B103DDAA0EA4}.Debug|Any CPU.ActiveCfg = Debug|Any CPU
		{B96639F8-CB4A-48A4-AE44-B103DDAA0EA4}.Debug|Any CPU.Build.0 = Debug|Any CPU
		{B96639F8-CB4A-48A4-AE44-B103DDAA0EA4}.Debug|x64.ActiveCfg = Debug|Any CPU
		{B96639F8-CB4A-48A4-AE44-B103DDAA0EA4}.Debug|x64.Build.0 = Debug|Any CPU
		{B96639F8-CB4A-48A4-AE44-B103DDAA0EA4}.Debug|x86.ActiveCfg = Debug|Any CPU
		{B96639F8-CB4A-48A4-AE44-B103DDAA0EA4}.Debug|x86.Build.0 = Debug|Any CPU
		{B96639F8-CB4A-48A4-AE44-B103DDAA0EA4}.Release|Any CPU.ActiveCfg = Release|Any CPU
		{B96639F8-CB4A-48A4-AE44-B103DDAA0EA4}.Release|Any CPU.Build.0 = Release|Any CPU
		{B96639F8-CB4A-48A4-AE44-B103DDAA0EA4}.Release|x64.ActiveCfg = Release|Any CPU
		{B96639F8-CB4A-48A4-AE44-B103DDAA0EA4}.Release|x64.Build.0 = Release|Any CPU
		{B96639F8-CB4A-48A4-AE44-B103DDAA0EA4}.Release|x86.ActiveCfg = Release|Any CPU
		{B96639F8-CB4A-48A4-AE44-B103DDAA0EA4}.Release|x86.Build.0 = Release|Any CPU
		{CC4BE564-696D-414A-BB23-B63A327C1BBF}.Debug|Any CPU.ActiveCfg = Debug|Any CPU
		{CC4BE564-696D-414A-BB23-B63A327C1BBF}.Debug|Any CPU.Build.0 = Debug|Any CPU
		{CC4BE564-696D-414A-BB23-B63A327C1BBF}.Debug|x64.ActiveCfg = Debug|Any CPU
		{CC4BE564-696D-414A-BB23-B63A327C1BBF}.Debug|x64.Build.0 = Debug|Any CPU
		{CC4BE564-696D-414A-BB23-B63A327C1BBF}.Debug|x86.ActiveCfg = Debug|Any CPU
		{CC4BE564-696D-414A-BB23-B63A327C1BBF}.Debug|x86.Build.0 = Debug|Any CPU
		{CC4BE564-696D-414A-BB23-B63A327C1BBF}.Release|Any CPU.ActiveCfg = Release|Any CPU
		{CC4BE564-696D-414A-BB23-B63A327C1BBF}.Release|Any CPU.Build.0 = Release|Any CPU
		{CC4BE564-696D-414A-BB23-B63A327C1BBF}.Release|x64.ActiveCfg = Release|Any CPU
		{CC4BE564-696D-414A-BB23-B63A327C1BBF}.Release|x64.Build.0 = Release|Any CPU
		{CC4BE564-696D-414A-BB23-B63A327C1BBF}.Release|x86.ActiveCfg = Release|Any CPU
		{CC4BE564-696D-414A-BB23-B63A327C1BBF}.Release|x86.Build.0 = Release|Any CPU
		{120AED12-1FD9-4450-8C17-06F5CDFD6E0C}.Debug|Any CPU.ActiveCfg = Debug|Any CPU
		{120AED12-1FD9-4450-8C17-06F5CDFD6E0C}.Debug|Any CPU.Build.0 = Debug|Any CPU
		{120AED12-1FD9-4450-8C17-06F5CDFD6E0C}.Debug|x64.ActiveCfg = Debug|Any CPU
		{120AED12-1FD9-4450-8C17-06F5CDFD6E0C}.Debug|x64.Build.0 = Debug|Any CPU
		{120AED12-1FD9-4450-8C17-06F5CDFD6E0C}.Debug|x86.ActiveCfg = Debug|Any CPU
		{120AED12-1FD9-4450-8C17-06F5CDFD6E0C}.Debug|x86.Build.0 = Debug|Any CPU
		{120AED12-1FD9-4450-8C17-06F5CDFD6E0C}.Release|Any CPU.ActiveCfg = Release|Any CPU
		{120AED12-1FD9-4450-8C17-06F5CDFD6E0C}.Release|Any CPU.Build.0 = Release|Any CPU
		{120AED12-1FD9-4450-8C17-06F5CDFD6E0C}.Release|x64.ActiveCfg = Release|Any CPU
		{120AED12-1FD9-4450-8C17-06F5CDFD6E0C}.Release|x64.Build.0 = Release|Any CPU
		{120AED12-1FD9-4450-8C17-06F5CDFD6E0C}.Release|x86.ActiveCfg = Release|Any CPU
		{120AED12-1FD9-4450-8C17-06F5CDFD6E0C}.Release|x86.Build.0 = Release|Any CPU
		{FE80F2CE-86C6-4F10-8835-509BF91F089B}.Debug|Any CPU.ActiveCfg = Debug|Any CPU
		{FE80F2CE-86C6-4F10-8835-509BF91F089B}.Debug|Any CPU.Build.0 = Debug|Any CPU
		{FE80F2CE-86C6-4F10-8835-509BF91F089B}.Debug|x64.ActiveCfg = Debug|Any CPU
		{FE80F2CE-86C6-4F10-8835-509BF91F089B}.Debug|x64.Build.0 = Debug|Any CPU
		{FE80F2CE-86C6-4F10-8835-509BF91F089B}.Debug|x86.ActiveCfg = Debug|Any CPU
		{FE80F2CE-86C6-4F10-8835-509BF91F089B}.Debug|x86.Build.0 = Debug|Any CPU
		{FE80F2CE-86C6-4F10-8835-509BF91F089B}.Release|Any CPU.ActiveCfg = Release|Any CPU
		{FE80F2CE-86C6-4F10-8835-509BF91F089B}.Release|Any CPU.Build.0 = Release|Any CPU
		{FE80F2CE-86C6-4F10-8835-509BF91F089B}.Release|x64.ActiveCfg = Release|Any CPU
		{FE80F2CE-86C6-4F10-8835-509BF91F089B}.Release|x64.Build.0 = Release|Any CPU
		{FE80F2CE-86C6-4F10-8835-509BF91F089B}.Release|x86.ActiveCfg = Release|Any CPU
		{FE80F2CE-86C6-4F10-8835-509BF91F089B}.Release|x86.Build.0 = Release|Any CPU
	EndGlobalSection
	GlobalSection(SolutionProperties) = preSolution
		HideSolutionNode = FALSE
	EndGlobalSection
	GlobalSection(NestedProjects) = preSolution
		{63186ED0-D050-41F4-901F-96542DABC036} = {538F2A43-6114-6D32-FD9B-C27BFA77DD39}
		{7A2386B2-DF76-403E-BE2C-F30E9A6BA169} = {538F2A43-6114-6D32-FD9B-C27BFA77DD39}
		{D159FD5D-2993-49E9-B5CD-6CFD12BFD7BB} = {538F2A43-6114-6D32-FD9B-C27BFA77DD39}
		{8C7E2E76-9ECD-4B5A-BD55-40B0A4CAC389} = {0AB3BF05-4346-4AA6-1389-037BE0695223}
		{983D718F-5AE1-49AA-A8AE-ECE6D334056E} = {0AB3BF05-4346-4AA6-1389-037BE0695223}
		{E2F3A4B5-C6D7-4E8F-9012-AABBCCDDEEFF} = {0AB3BF05-4346-4AA6-1389-037BE0695223}
		{E2E8763A-5CFE-4D3B-9E87-72C13095F698} = {0AB3BF05-4346-4AA6-1389-037BE0695223}
		{388F35E7-CDD5-4DD3-BCBE-40315564CA76} = {0AB3BF05-4346-4AA6-1389-037BE0695223}
		{39211DA9-64ED-4810-BD58-A8EC5906CBA2} = {538F2A43-6114-6D32-FD9B-C27BFA77DD39}
		{15FF00D1-71C5-4502-B11A-7A2D19476967} = {538F2A43-6114-6D32-FD9B-C27BFA77DD39}
		{481D72FC-0167-4485-A403-FCA64776C486} = {31A9FF15-008C-4486-AB04-F6A3AB36DB7B}
		{C0454C33-E3B5-4449-8A3F-37A0A35A518A} = {C2E3F4A5-B6C7-4D8E-9F0A-1B2C3D4E5F6A}
		{86014A29-B32E-45E3-8FC3-AE281F551086} = {C2E3F4A5-B6C7-4D8E-9F0A-1B2C3D4E5F6A}
		{1E9DE24D-4F9A-4391-A6E5-25453CF15BC5} = {C2E3F4A5-B6C7-4D8E-9F0A-1B2C3D4E5F6A}
		{B96639F8-CB4A-48A4-AE44-B103DDAA0EA4} = {C2E3F4A5-B6C7-4D8E-9F0A-1B2C3D4E5F6A}
		{CC4BE564-696D-414A-BB23-B63A327C1BBF} = {C2E3F4A5-B6C7-4D8E-9F0A-1B2C3D4E5F6A}
		{120AED12-1FD9-4450-8C17-06F5CDFD6E0C} = {C2E3F4A5-B6C7-4D8E-9F0A-1B2C3D4E5F6A}
		{FE80F2CE-86C6-4F10-8835-509BF91F089B} = {C2E3F4A5-B6C7-4D8E-9F0A-1B2C3D4E5F6A}
	EndGlobalSection
EndGlobal
