
Microsoft Visual Studio Solution File, Format Version 12.00
# Visual Studio Version 17
VisualStudioVersion = 17.0.31903.59
MinimumVisualStudioVersion = 10.0.40219.1
Project("{FAE04EC0-301F-11D3-BF4B-00C04F79EFBC}") = "MimironsGoldOMatic.Shared", "MimironsGoldOMatic.Shared\MimironsGoldOMatic.Shared.csproj", "{95B23554-6E51-4CB9-82CA-215791DF4034}"
EndProject
Project("{FAE04EC0-301F-11D3-BF4B-00C04F79EFBC}") = "MimironsGoldOMatic.Backend", "MimironsGoldOMatic.Backend\MimironsGoldOMatic.Backend.csproj", "{79813A28-D2D9-4CCE-8793-9775A907C38A}"
EndProject
Project("{FAE04EC0-301F-11D3-BF4B-00C04F79EFBC}") = "MimironsGoldOMatic.Backend.Tests", "MimironsGoldOMatic.Backend.Tests\MimironsGoldOMatic.Backend.Tests.csproj", "{983D718F-5AE1-49AA-A8AE-ECE6D334056E}"
EndProject
Project("{FAE04EC0-301F-11D3-BF4B-00C04F79EFBC}") = "MimironsGoldOMatic.Desktop", "MimironsGoldOMatic.Desktop\MimironsGoldOMatic.Desktop.csproj", "{1FDE405C-F07A-463B-B014-4EF8F6CB1BB9}"
EndProject
Project("{2150E333-8FDC-42A3-9474-1A3956D46DE8}") = "Mocks", "Mocks", "{538F2A43-6114-6D32-FD9B-C27BFA77DD39}"
EndProject
Project("{2150E333-8FDC-42A3-9474-1A3956D46DE8}") = "MockEventSubWebhook", "MockEventSubWebhook", "{DDC62822-48EF-6648-76CA-3FA826A82B68}"
EndProject
Project("{FAE04EC0-301F-11D3-BF4B-00C04F79EFBC}") = "MimironsGoldOMatic.Mocks.MockEventSubWebhook", "Mocks\MockEventSubWebhook\MimironsGoldOMatic.Mocks.MockEventSubWebhook.csproj", "{7A2386B2-DF76-403E-BE2C-F30E9A6BA169}"
EndProject
Project("{2150E333-8FDC-42A3-9474-1A3956D46DE8}") = "MockExtensionJwt", "MockExtensionJwt", "{E600FC70-A6E4-6A28-C736-30C276F98934}"
EndProject
Project("{FAE04EC0-301F-11D3-BF4B-00C04F79EFBC}") = "MimironsGoldOMatic.Mocks.MockExtensionJwt", "Mocks\MockExtensionJwt\MimironsGoldOMatic.Mocks.MockExtensionJwt.csproj", "{D159FD5D-2993-49E9-B5CD-6CFD12BFD7BB}"
EndProject
Global
	GlobalSection(SolutionConfigurationPlatforms) = preSolution
		Debug|Any CPU = Debug|Any CPU
		Debug|x64 = Debug|x64
		Debug|x86 = Debug|x86
		Release|Any CPU = Release|Any CPU
		Release|x64 = Release|x64
		Release|x86 = Release|x86
	EndGlobalSection
	GlobalSection(ProjectConfigurationPlatforms) = postSolution
		{95B23554-6E51-4CB9-82CA-215791DF4034}.Debug|Any CPU.ActiveCfg = Debug|Any CPU
		{95B23554-6E51-4CB9-82CA-215791DF4034}.Debug|Any CPU.Build.0 = Debug|Any CPU
		{95B23554-6E51-4CB9-82CA-215791DF4034}.Debug|x64.ActiveCfg = Debug|Any CPU
		{95B23554-6E51-4CB9-82CA-215791DF4034}.Debug|x64.Build.0 = Debug|Any CPU
		{95B23554-6E51-4CB9-82CA-215791DF4034}.Debug|x86.ActiveCfg = Debug|Any CPU
		{95B23554-6E51-4CB9-82CA-215791DF4034}.Debug|x86.Build.0 = Debug|Any CPU
		{95B23554-6E51-4CB9-82CA-215791DF4034}.Release|Any CPU.ActiveCfg = Release|Any CPU
		{95B23554-6E51-4CB9-82CA-215791DF4034}.Release|Any CPU.Build.0 = Release|Any CPU
		{95B23554-6E51-4CB9-82CA-215791DF4034}.Release|x64.ActiveCfg = Release|Any CPU
		{95B23554-6E51-4CB9-82CA-215791DF4034}.Release|x64.Build.0 = Release|Any CPU
		{95B23554-6E51-4CB9-82CA-215791DF4034}.Release|x86.ActiveCfg = Release|Any CPU
		{95B23554-6E51-4CB9-82CA-215791DF4034}.Release|x86.Build.0 = Release|Any CPU
		{79813A28-D2D9-4CCE-8793-9775A907C38A}.Debug|Any CPU.ActiveCfg = Debug|Any CPU
		{79813A28-D2D9-4CCE-8793-9775A907C38A}.Debug|Any CPU.Build.0 = Debug|Any CPU
		{79813A28-D2D9-4CCE-8793-9775A907C38A}.Debug|x64.ActiveCfg = Debug|Any CPU
		{79813A28-D2D9-4CCE-8793-9775A907C38A}.Debug|x64.Build.0 = Debug|Any CPU
		{79813A28-D2D9-4CCE-8793-9775A907C38A}.Debug|x86.ActiveCfg = Debug|Any CPU
		{79813A28-D2D9-4CCE-8793-9775A907C38A}.Debug|x86.Build.0 = Debug|Any CPU
		{79813A28-D2D9-4CCE-8793-9775A907C38A}.Release|Any CPU.ActiveCfg = Release|Any CPU
		{79813A28-D2D9-4CCE-8793-9775A907C38A}.Release|Any CPU.Build.0 = Release|Any CPU
		{79813A28-D2D9-4CCE-8793-9775A907C38A}.Release|x64.ActiveCfg = Release|Any CPU
		{79813A28-D2D9-4CCE-8793-9775A907C38A}.Release|x64.Build.0 = Release|Any CPU
		{79813A28-D2D9-4CCE-8793-9775A907C38A}.Release|x86.ActiveCfg = Release|Any CPU
		{79813A28-D2D9-4CCE-8793-9775A907C38A}.Release|x86.Build.0 = Release|Any CPU
		{983D718F-5AE1-49AA-A8AE-ECE6D334056E}.Debug|Any CPU.ActiveCfg = Debug|Any CPU
		{983D718F-5AE1-49AA-A8AE-ECE6D334056E}.Debug|Any CPU.Build.0 = Debug|Any CPU
		{983D718F-5AE1-49AA-A8AE-ECE6D334056E}.Debug|x64.ActiveCfg = Debug|Any CPU
		{983D718F-5AE1-49AA-A8AE-ECE6D334056E}.Debug|x64.Build.0 = Debug|Any CPU
		{983D718F-5AE1-49AA-A8AE-ECE6D334056E}.Debug|x86.ActiveCfg = Debug|Any CPU
		{983D718F-5AE1-49AA-A8AE-ECE6D334056E}.Debug|x86.Build.0 = Debug|Any CPU
		{983D718F-5AE1-49AA-A8AE-ECE6D334056E}.Release|Any CPU.ActiveCfg = Release|Any CPU
		{983D718F-5AE1-49AA-A8AE-ECE6D334056E}.Release|Any CPU.Build.0 = Release|Any CPU
		{983D718F-5AE1-49AA-A8AE-ECE6D334056E}.Release|x64.ActiveCfg = Release|Any CPU
		{983D718F-5AE1-49AA-A8AE-ECE6D334056E}.Release|x64.Build.0 = Release|Any CPU
		{983D718F-5AE1-49AA-A8AE-ECE6D334056E}.Release|x86.ActiveCfg = Release|Any CPU
		{983D718F-5AE1-49AA-A8AE-ECE6D334056E}.Release|x86.Build.0 = Release|Any CPU
		{1FDE405C-F07A-463B-B014-4EF8F6CB1BB9}.Debug|Any CPU.ActiveCfg = Debug|Any CPU
		{1FDE405C-F07A-463B-B014-4EF8F6CB1BB9}.Debug|Any CPU.Build.0 = Debug|Any CPU
		{1FDE405C-F07A-463B-B014-4EF8F6CB1BB9}.Debug|x64.ActiveCfg = Debug|Any CPU
		{1FDE405C-F07A-463B-B014-4EF8F6CB1BB9}.Debug|x64.Build.0 = Debug|Any CPU
		{1FDE405C-F07A-463B-B014-4EF8F6CB1BB9}.Debug|x86.ActiveCfg = Debug|Any CPU
		{1FDE405C-F07A-463B-B014-4EF8F6CB1BB9}.Debug|x86.Build.0 = Debug|Any CPU
		{1FDE405C-F07A-463B-B014-4EF8F6CB1BB9}.Release|Any CPU.ActiveCfg = Release|Any CPU
		{1FDE405C-F07A-463B-B014-4EF8F6CB1BB9}.Release|Any CPU.Build.0 = Release|Any CPU
		{1FDE405C-F07A-463B-B014-4EF8F6CB1BB9}.Release|x64.ActiveCfg = Release|Any CPU
		{1FDE405C-F07A-463B-B014-4EF8F6CB1BB9}.Release|x64.Build.0 = Release|Any CPU
		{1FDE405C-F07A-463B-B014-4EF8F6CB1BB9}.Release|x86.ActiveCfg = Release|Any CPU
		{1FDE405C-F07A-463B-B014-4EF8F6CB1BB9}.Release|x86.Build.0 = Release|Any CPU
		{7A2386B2-DF76-403E-BE2C-F30E9A6BA169}.Debug|Any CPU.ActiveCfg = Debug|Any CPU
		{7A2386B2-DF76-403E-BE2C-F30E9A6BA169}.Debug|Any CPU.Build.0 = Debug|Any CPU
		{7A2386B2-DF76-403E-BE2C-F30E9A6BA169}.Debug|x64.ActiveCfg = Debug|Any CPU
		{7A2386B2-DF76-403E-BE2C-F30E9A6BA169}.Debug|x64.Build.0 = Debug|Any CPU
		{7A2386B2-DF76-403E-BE2C-F30E9A6BA169}.Debug|x86.ActiveCfg = Debug|Any CPU
		{7A2386B2-DF76-403E-BE2C-F30E9A6BA169}.Debug|x86.Build.0 = Debug|Any CPU
		{7A2386B2-DF76-403E-BE2C-F30E9A6BA169}.Release|Any CPU.ActiveCfg = Release|Any CPU
		{7A2386B2-DF76-403E-BE2C-F30E9A6BA169}.Release|Any CPU.Build.0 = Release|Any CPU
		{7A2386B2-DF76-403E-BE2C-F30E9A6BA169}.Release|x64.ActiveCfg = Release|Any CPU
		{7A2386B2-DF76-403E-BE2C-F30E9A6BA169}.Release|x64.Build.0 = Release|Any CPU
		{7A2386B2-DF76-403E-BE2C-F30E9A6BA169}.Release|x86.ActiveCfg = Release|Any CPU
		{7A2386B2-DF76-403E-BE2C-F30E9A6BA169}.Release|x86.Build.0 = Release|Any CPU
		{D159FD5D-2993-49E9-B5CD-6CFD12BFD7BB}.Debug|Any CPU.ActiveCfg = Debug|Any CPU
		{D159FD5D-2993-49E9-B5CD-6CFD12BFD7BB}.Debug|Any CPU.Build.0 = Debug|Any CPU
		{D159FD5D-2993-49E9-B5CD-6CFD12BFD7BB}.Debug|x64.ActiveCfg = Debug|Any CPU
		{D159FD5D-2993-49E9-B5CD-6CFD12BFD7BB}.Debug|x64.Build.0 = Debug|Any CPU
		{D159FD5D-2993-49E9-B5CD-6CFD12BFD7BB}.Debug|x86.ActiveCfg = Debug|Any CPU
		{D159FD5D-2993-49E9-B5CD-6CFD12BFD7BB}.Debug|x86.Build.0 = Debug|Any CPU
		{D159FD5D-2993-49E9-B5CD-6CFD12BFD7BB}.Release|Any CPU.ActiveCfg = Release|Any CPU
		{D159FD5D-2993-49E9-B5CD-6CFD12BFD7BB}.Release|Any CPU.Build.0 = Release|Any CPU
		{D159FD5D-2993-49E9-B5CD-6CFD12BFD7BB}.Release|x64.ActiveCfg = Release|Any CPU
		{D159FD5D-2993-49E9-B5CD-6CFD12BFD7BB}.Release|x64.Build.0 = Release|Any CPU
		{D159FD5D-2993-49E9-B5CD-6CFD12BFD7BB}.Release|x86.ActiveCfg = Release|Any CPU
		{D159FD5D-2993-49E9-B5CD-6CFD12BFD7BB}.Release|x86.Build.0 = Release|Any CPU
	EndGlobalSection
	GlobalSection(SolutionProperties) = preSolution
		HideSolutionNode = FALSE
	EndGlobalSection
	GlobalSection(NestedProjects) = preSolution
		{DDC62822-48EF-6648-76CA-3FA826A82B68} = {538F2A43-6114-6D32-FD9B-C27BFA77DD39}
		{7A2386B2-DF76-403E-BE2C-F30E9A6BA169} = {DDC62822-48EF-6648-76CA-3FA826A82B68}
		{E600FC70-A6E4-6A28-C736-30C276F98934} = {538F2A43-6114-6D32-FD9B-C27BFA77DD39}
		{D159FD5D-2993-49E9-B5CD-6CFD12BFD7BB} = {E600FC70-A6E4-6A28-C736-30C276F98934}
	EndGlobalSection
EndGlobal
